// !$*UTF8*$!
{
	archiveVersion = 1;
	classes = {
	};
	objectVersion = 50;
	objects = {

/* Begin PBXBuildFile section */
		053DCD8524AF6E4700E82C0D /* AppDelegate.m in Sources */ = {isa = PBXBuildFile; fileRef = 053DCD8424AF6E4700E82C0D /* AppDelegate.m */; };
		053DCD8824AF6E4700E82C0D /* SceneDelegate.m in Sources */ = {isa = PBXBuildFile; fileRef = 053DCD8724AF6E4700E82C0D /* SceneDelegate.m */; };
		053DCD8B24AF6E4700E82C0D /* MainViewController.m in Sources */ = {isa = PBXBuildFile; fileRef = 053DCD8A24AF6E4700E82C0D /* MainViewController.m */; };
		053DCD8E24AF6E4700E82C0D /* Main.storyboard in Resources */ = {isa = PBXBuildFile; fileRef = 053DCD8C24AF6E4700E82C0D /* Main.storyboard */; };
		053DCD9024AF6E4B00E82C0D /* Assets.xcassets in Resources */ = {isa = PBXBuildFile; fileRef = 053DCD8F24AF6E4B00E82C0D /* Assets.xcassets */; };
		053DCD9324AF6E4B00E82C0D /* LaunchScreen.storyboard in Resources */ = {isa = PBXBuildFile; fileRef = 053DCD9124AF6E4B00E82C0D /* LaunchScreen.storyboard */; };
		053DCD9624AF6E4B00E82C0D /* main.m in Sources */ = {isa = PBXBuildFile; fileRef = 053DCD9524AF6E4B00E82C0D /* main.m */; };
		054E1D6D24B3A9520088DAF2 /* myFirstObjCApp1.png in Resources */ = {isa = PBXBuildFile; fileRef = 054E1D6A24B3A9520088DAF2 /* myFirstObjCApp1.png */; };
		054E1D6E24B3A9520088DAF2 /* myFirstObjCApp2.png in Resources */ = {isa = PBXBuildFile; fileRef = 054E1D6B24B3A9520088DAF2 /* myFirstObjCApp2.png */; };
		054E1D6F24B3A9520088DAF2 /* myFirstObjCApp3.png in Resources */ = {isa = PBXBuildFile; fileRef = 054E1D6C24B3A9520088DAF2 /* myFirstObjCApp3.png */; };
		05A493CE24B36E5D00B3B78D /* PageViewController.m in Sources */ = {isa = PBXBuildFile; fileRef = 05A493CC24B36E5D00B3B78D /* PageViewController.m */; };
		05A493D124B36EB800B3B78D /* Page.storyboard in Resources */ = {isa = PBXBuildFile; fileRef = 05A493D024B36EB800B3B78D /* Page.storyboard */; };
/* End PBXBuildFile section */

/* Begin PBXFileReference section */
		053DCD8024AF6E4700E82C0D /* My Blog Posts.app */ = {isa = PBXFileReference; explicitFileType = wrapper.application; includeInIndex = 0; path = "My Blog Posts.app"; sourceTree = BUILT_PRODUCTS_DIR; };
		053DCD8324AF6E4700E82C0D /* AppDelegate.h */ = {isa = PBXFileReference; lastKnownFileType = sourcecode.c.h; path = AppDelegate.h; sourceTree = "<group>"; };
		053DCD8424AF6E4700E82C0D /* AppDelegate.m */ = {isa = PBXFileReference; lastKnownFileType = sourcecode.c.objc; path = AppDelegate.m; sourceTree = "<group>"; };
		053DCD8624AF6E4700E82C0D /* SceneDelegate.h */ = {isa = PBXFileReference; lastKnownFileType = sourcecode.c.h; path = SceneDelegate.h; sourceTree = "<group>"; };
		053DCD8724AF6E4700E82C0D /* SceneDelegate.m */ = {isa = PBXFileReference; lastKnownFileType = sourcecode.c.objc; path = SceneDelegate.m; sourceTree = "<group>"; };
		053DCD8924AF6E4700E82C0D /* MainViewController.h */ = {isa = PBXFileReference; lastKnownFileType = sourcecode.c.h; path = MainViewController.h; sourceTree = "<group>"; };
		053DCD8A24AF6E4700E82C0D /* MainViewController.m */ = {isa = PBXFileReference; lastKnownFileType = sourcecode.c.objc; path = MainViewController.m; sourceTree = "<group>"; };
		053DCD8D24AF6E4700E82C0D /* Base */ = {isa = PBXFileReference; lastKnownFileType = file.storyboard; name = Base; path = Base.lproj/Main.storyboard; sourceTree = "<group>"; };
		053DCD8F24AF6E4B00E82C0D /* Assets.xcassets */ = {isa = PBXFileReference; lastKnownFileType = folder.assetcatalog; path = Assets.xcassets; sourceTree = "<group>"; };
		053DCD9224AF6E4B00E82C0D /* Base */ = {isa = PBXFileReference; lastKnownFileType = file.storyboard; name = Base; path = Base.lproj/LaunchScreen.storyboard; sourceTree = "<group>"; };
		053DCD9424AF6E4B00E82C0D /* Info.plist */ = {isa = PBXFileReference; lastKnownFileType = text.plist.xml; path = Info.plist; sourceTree = "<group>"; };
		053DCD9524AF6E4B00E82C0D /* main.m */ = {isa = PBXFileReference; lastKnownFileType = sourcecode.c.objc; path = main.m; sourceTree = "<group>"; };
		054E1D6124B3A8970088DAF2 /* README.md */ = {isa = PBXFileReference; lastKnownFileType = net.daringfireball.markdown; path = README.md; sourceTree = "<group>"; };
		054E1D6A24B3A9520088DAF2 /* myFirstObjCApp1.png */ = {isa = PBXFileReference; lastKnownFileType = image.png; path = myFirstObjCApp1.png; sourceTree = "<group>"; };
		054E1D6B24B3A9520088DAF2 /* myFirstObjCApp2.png */ = {isa = PBXFileReference; lastKnownFileType = image.png; path = myFirstObjCApp2.png; sourceTree = "<group>"; };
		054E1D6C24B3A9520088DAF2 /* myFirstObjCApp3.png */ = {isa = PBXFileReference; lastKnownFileType = image.png; path = myFirstObjCApp3.png; sourceTree = "<group>"; };
		05A493CB24B36E5D00B3B78D /* PageViewController.h */ = {isa = PBXFileReference; lastKnownFileType = sourcecode.c.h; path = PageViewController.h; sourceTree = "<group>"; };
		05A493CC24B36E5D00B3B78D /* PageViewController.m */ = {isa = PBXFileReference; lastKnownFileType = sourcecode.c.objc; path = PageViewController.m; sourceTree = "<group>"; };
		05A493D024B36EB800B3B78D /* Page.storyboard */ = {isa = PBXFileReference; lastKnownFileType = file.storyboard; path = Page.storyboard; sourceTree = "<group>"; };
/* End PBXFileReference section */

/* Begin PBXFrameworksBuildPhase section */
		053DCD7D24AF6E4700E82C0D /* Frameworks */ = {
			isa = PBXFrameworksBuildPhase;
			buildActionMask = 2147483647;
			files = (
			);
			runOnlyForDeploymentPostprocessing = 0;
		};
/* End PBXFrameworksBuildPhase section */

/* Begin PBXGroup section */
		053DCD7724AF6E4700E82C0D = {
			isa = PBXGroup;
			children = (
				054E1D6924B3A9520088DAF2 /* screenshots */,
				054E1D6124B3A8970088DAF2 /* README.md */,
				053DCD8224AF6E4700E82C0D /* My Blog Posts */,
				053DCD8124AF6E4700E82C0D /* Products */,
			);
			sourceTree = "<group>";
		};
		053DCD8124AF6E4700E82C0D /* Products */ = {
			isa = PBXGroup;
			children = (
				053DCD8024AF6E4700E82C0D /* My Blog Posts.app */,
			);
			name = Products;
			sourceTree = "<group>";
		};
		053DCD8224AF6E4700E82C0D /* My Blog Posts */ = {
			isa = PBXGroup;
			children = (
				05A493CA24B36E2500B3B78D /* Modules */,
				053DCD9C24AF769D00E82C0D /* Application */,
			);
			path = "My Blog Posts";
			sourceTree = "<group>";
		};
		053DCD9C24AF769D00E82C0D /* Application */ = {
			isa = PBXGroup;
			children = (
				053DCD9D24AF77D400E82C0D /* Delegate */,
				053DCD8F24AF6E4B00E82C0D /* Assets.xcassets */,
				053DCD9124AF6E4B00E82C0D /* LaunchScreen.storyboard */,
				053DCD9424AF6E4B00E82C0D /* Info.plist */,
			);
			path = Application;
			sourceTree = "<group>";
		};
		053DCD9D24AF77D400E82C0D /* Delegate */ = {
			isa = PBXGroup;
			children = (
				053DCD9524AF6E4B00E82C0D /* main.m */,
				053DCD8324AF6E4700E82C0D /* AppDelegate.h */,
				053DCD8424AF6E4700E82C0D /* AppDelegate.m */,
				053DCD8624AF6E4700E82C0D /* SceneDelegate.h */,
				053DCD8724AF6E4700E82C0D /* SceneDelegate.m */,
			);
			path = Delegate;
			sourceTree = "<group>";
		};
		054E1D6924B3A9520088DAF2 /* screenshots */ = {
			isa = PBXGroup;
			children = (
				054E1D6A24B3A9520088DAF2 /* myFirstObjCApp1.png */,
				054E1D6B24B3A9520088DAF2 /* myFirstObjCApp2.png */,
				054E1D6C24B3A9520088DAF2 /* myFirstObjCApp3.png */,
			);
			path = screenshots;
			sourceTree = "<group>";
		};
		05A493C824B36DFD00B3B78D /* Page */ = {
			isa = PBXGroup;
			children = (
				05A493CB24B36E5D00B3B78D /* PageViewController.h */,
				05A493CC24B36E5D00B3B78D /* PageViewController.m */,
				05A493D024B36EB800B3B78D /* Page.storyboard */,
			);
			path = Page;
			sourceTree = "<group>";
		};
		05A493C924B36E1E00B3B78D /* Main */ = {
			isa = PBXGroup;
			children = (
				053DCD8924AF6E4700E82C0D /* MainViewController.h */,
				053DCD8A24AF6E4700E82C0D /* MainViewController.m */,
				053DCD8C24AF6E4700E82C0D /* Main.storyboard */,
			);
			path = Main;
			sourceTree = "<group>";
		};
		05A493CA24B36E2500B3B78D /* Modules */ = {
			isa = PBXGroup;
			children = (
				05A493C924B36E1E00B3B78D /* Main */,
				05A493C824B36DFD00B3B78D /* Page */,
			);
			path = Modules;
			sourceTree = "<group>";
		};
/* End PBXGroup section */

/* Begin PBXNativeTarget section */
		053DCD7F24AF6E4700E82C0D /* My Blog Posts */ = {
			isa = PBXNativeTarget;
			buildConfigurationList = 053DCD9924AF6E4B00E82C0D /* Build configuration list for PBXNativeTarget "My Blog Posts" */;
			buildPhases = (
				053DCD7C24AF6E4700E82C0D /* Sources */,
				053DCD7D24AF6E4700E82C0D /* Frameworks */,
				053DCD7E24AF6E4700E82C0D /* Resources */,
			);
			buildRules = (
			);
			dependencies = (
			);
			name = "My Blog Posts";
			productName = "My Blog Posts";
			productReference = 053DCD8024AF6E4700E82C0D /* My Blog Posts.app */;
			productType = "com.apple.product-type.application";
		};
/* End PBXNativeTarget section */

/* Begin PBXProject section */
		053DCD7824AF6E4700E82C0D /* Project object */ = {
			isa = PBXProject;
			attributes = {
				LastUpgradeCheck = 1150;
				ORGANIZATIONNAME = "Viktor Gordienko";
				TargetAttributes = {
					053DCD7F24AF6E4700E82C0D = {
						CreatedOnToolsVersion = 11.5;
					};
				};
			};
			buildConfigurationList = 053DCD7B24AF6E4700E82C0D /* Build configuration list for PBXProject "My Blog Posts" */;
			compatibilityVersion = "Xcode 9.3";
			developmentRegion = en;
			hasScannedForEncodings = 0;
			knownRegions = (
				en,
				Base,
			);
			mainGroup = 053DCD7724AF6E4700E82C0D;
			productRefGroup = 053DCD8124AF6E4700E82C0D /* Products */;
			projectDirPath = "";
			projectRoot = "";
			targets = (
				053DCD7F24AF6E4700E82C0D /* My Blog Posts */,
			);
		};
/* End PBXProject section */

/* Begin PBXResourcesBuildPhase section */
		053DCD7E24AF6E4700E82C0D /* Resources */ = {
			isa = PBXResourcesBuildPhase;
			buildActionMask = 2147483647;
			files = (
				053DCD9324AF6E4B00E82C0D /* LaunchScreen.storyboard in Resources */,
				054E1D6F24B3A9520088DAF2 /* myFirstObjCApp3.png in Resources */,
				054E1D6E24B3A9520088DAF2 /* myFirstObjCApp2.png in Resources */,
				054E1D6D24B3A9520088DAF2 /* myFirstObjCApp1.png in Resources */,
				053DCD9024AF6E4B00E82C0D /* Assets.xcassets in Resources */,
				053DCD8E24AF6E4700E82C0D /* Main.storyboard in Resources */,
				05A493D124B36EB800B3B78D /* Page.storyboard in Resources */,
			);
			runOnlyForDeploymentPostprocessing = 0;
		};
/* End PBXResourcesBuildPhase section */

/* Begin PBXSourcesBuildPhase section */
		053DCD7C24AF6E4700E82C0D /* Sources */ = {
			isa = PBXSourcesBuildPhase;
			buildActionMask = 2147483647;
			files = (
				053DCD8B24AF6E4700E82C0D /* MainViewController.m in Sources */,
				053DCD8524AF6E4700E82C0D /* AppDelegate.m in Sources */,
				053DCD9624AF6E4B00E82C0D /* main.m in Sources */,
				05A493CE24B36E5D00B3B78D /* PageViewController.m in Sources */,
				053DCD8824AF6E4700E82C0D /* SceneDelegate.m in Sources */,
			);
			runOnlyForDeploymentPostprocessing = 0;
		};
/* End PBXSourcesBuildPhase section */

/* Begin PBXVariantGroup section */
		053DCD8C24AF6E4700E82C0D /* Main.storyboard */ = {
			isa = PBXVariantGroup;
			children = (
				053DCD8D24AF6E4700E82C0D /* Base */,
			);
			name = Main.storyboard;
			sourceTree = "<group>";
		};
		053DCD9124AF6E4B00E82C0D /* LaunchScreen.storyboard */ = {
			isa = PBXVariantGroup;
			children = (
				053DCD9224AF6E4B00E82C0D /* Base */,
			);
			name = LaunchScreen.storyboard;
			sourceTree = "<group>";
		};
/* End PBXVariantGroup section */

/* Begin XCBuildConfiguration section */
		053DCD9724AF6E4B00E82C0D /* Debug */ = {
			isa = XCBuildConfiguration;
			buildSettings = {
				ALWAYS_SEARCH_USER_PATHS = NO;
				CLANG_ANALYZER_NONNULL = YES;
				CLANG_ANALYZER_NUMBER_OBJECT_CONVERSION = YES_AGGRESSIVE;
				CLANG_CXX_LANGUAGE_STANDARD = "gnu++14";
				CLANG_CXX_LIBRARY = "libc++";
				CLANG_ENABLE_MODULES = YES;
				CLANG_ENABLE_OBJC_ARC = YES;
				CLANG_ENABLE_OBJC_WEAK = YES;
				CLANG_WARN_BLOCK_CAPTURE_AUTORELEASING = YES;
				CLANG_WARN_BOOL_CONVERSION = YES;
				CLANG_WARN_COMMA = YES;
				CLANG_WARN_CONSTANT_CONVERSION = YES;
				CLANG_WARN_DEPRECATED_OBJC_IMPLEMENTATIONS = YES;
				CLANG_WARN_DIRECT_OBJC_ISA_USAGE = YES_ERROR;
				CLANG_WARN_DOCUMENTATION_COMMENTS = YES;
				CLANG_WARN_EMPTY_BODY = YES;
				CLANG_WARN_ENUM_CONVERSION = YES;
				CLANG_WARN_INFINITE_RECURSION = YES;
				CLANG_WARN_INT_CONVERSION = YES;
				CLANG_WARN_NON_LITERAL_NULL_CONVERSION = YES;
				CLANG_WARN_OBJC_IMPLICIT_RETAIN_SELF = YES;
				CLANG_WARN_OBJC_LITERAL_CONVERSION = YES;
				CLANG_WARN_OBJC_ROOT_CLASS = YES_ERROR;
				CLANG_WARN_RANGE_LOOP_ANALYSIS = YES;
				CLANG_WARN_STRICT_PROTOTYPES = YES;
				CLANG_WARN_SUSPICIOUS_MOVE = YES;
				CLANG_WARN_UNGUARDED_AVAILABILITY = YES_AGGRESSIVE;
				CLANG_WARN_UNREACHABLE_CODE = YES;
				CLANG_WARN__DUPLICATE_METHOD_MATCH = YES;
				COPY_PHASE_STRIP = NO;
				DEBUG_INFORMATION_FORMAT = dwarf;
				ENABLE_STRICT_OBJC_MSGSEND = YES;
				ENABLE_TESTABILITY = YES;
				GCC_C_LANGUAGE_STANDARD = gnu11;
				GCC_DYNAMIC_NO_PIC = NO;
				GCC_NO_COMMON_BLOCKS = YES;
				GCC_OPTIMIZATION_LEVEL = 0;
				GCC_PREPROCESSOR_DEFINITIONS = (
					"DEBUG=1",
					"$(inherited)",
				);
				GCC_WARN_64_TO_32_BIT_CONVERSION = YES;
				GCC_WARN_ABOUT_RETURN_TYPE = YES_ERROR;
				GCC_WARN_UNDECLARED_SELECTOR = YES;
				GCC_WARN_UNINITIALIZED_AUTOS = YES_AGGRESSIVE;
				GCC_WARN_UNUSED_FUNCTION = YES;
				GCC_WARN_UNUSED_VARIABLE = YES;
				IPHONEOS_DEPLOYMENT_TARGET = 13.5;
				MTL_ENABLE_DEBUG_INFO = INCLUDE_SOURCE;
				MTL_FAST_MATH = YES;
				ONLY_ACTIVE_ARCH = YES;
				SDKROOT = iphoneos;
			};
			name = Debug;
		};
		053DCD9824AF6E4B00E82C0D /* Release */ = {
			isa = XCBuildConfiguration;
			buildSettings = {
				ALWAYS_SEARCH_USER_PATHS = NO;
				CLANG_ANALYZER_NONNULL = YES;
				CLANG_ANALYZER_NUMBER_OBJECT_CONVERSION = YES_AGGRESSIVE;
				CLANG_CXX_LANGUAGE_STANDARD = "gnu++14";
				CLANG_CXX_LIBRARY = "libc++";
				CLANG_ENABLE_MODULES = YES;
				CLANG_ENABLE_OBJC_ARC = YES;
				CLANG_ENABLE_OBJC_WEAK = YES;
				CLANG_WARN_BLOCK_CAPTURE_AUTORELEASING = YES;
				CLANG_WARN_BOOL_CONVERSION = YES;
				CLANG_WARN_COMMA = YES;
				CLANG_WARN_CONSTANT_CONVERSION = YES;
				CLANG_WARN_DEPRECATED_OBJC_IMPLEMENTATIONS = YES;
				CLANG_WARN_DIRECT_OBJC_ISA_USAGE = YES_ERROR;
				CLANG_WARN_DOCUMENTATION_COMMENTS = YES;
				CLANG_WARN_EMPTY_BODY = YES;
				CLANG_WARN_ENUM_CONVERSION = YES;
				CLANG_WARN_INFINITE_RECURSION = YES;
				CLANG_WARN_INT_CONVERSION = YES;
				CLANG_WARN_NON_LITERAL_NULL_CONVERSION = YES;
				CLANG_WARN_OBJC_IMPLICIT_RETAIN_SELF = YES;
				CLANG_WARN_OBJC_LITERAL_CONVERSION = YES;
				CLANG_WARN_OBJC_ROOT_CLASS = YES_ERROR;
				CLANG_WARN_RANGE_LOOP_ANALYSIS = YES;
				CLANG_WARN_STRICT_PROTOTYPES = YES;
				CLANG_WARN_SUSPICIOUS_MOVE = YES;
				CLANG_WARN_UNGUARDED_AVAILABILITY = YES_AGGRESSIVE;
				CLANG_WARN_UNREACHABLE_CODE = YES;
				CLANG_WARN__DUPLICATE_METHOD_MATCH = YES;
				COPY_PHASE_STRIP = NO;
				DEBUG_INFORMATION_FORMAT = "dwarf-with-dsym";
				ENABLE_NS_ASSERTIONS = NO;
				ENABLE_STRICT_OBJC_MSGSEND = YES;
				GCC_C_LANGUAGE_STANDARD = gnu11;
				GCC_NO_COMMON_BLOCKS = YES;
				GCC_WARN_64_TO_32_BIT_CONVERSION = YES;
				GCC_WARN_ABOUT_RETURN_TYPE = YES_ERROR;
				GCC_WARN_UNDECLARED_SELECTOR = YES;
				GCC_WARN_UNINITIALIZED_AUTOS = YES_AGGRESSIVE;
				GCC_WARN_UNUSED_FUNCTION = YES;
				GCC_WARN_UNUSED_VARIABLE = YES;
				IPHONEOS_DEPLOYMENT_TARGET = 13.5;
				MTL_ENABLE_DEBUG_INFO = NO;
				MTL_FAST_MATH = YES;
				SDKROOT = iphoneos;
				VALIDATE_PRODUCT = YES;
			};
			name = Release;
		};
		053DCD9A24AF6E4B00E82C0D /* Debug */ = {
			isa = XCBuildConfiguration;
			buildSettings = {
				ASSETCATALOG_COMPILER_APPICON_NAME = AppIcon;
				CODE_SIGN_STYLE = Automatic;
				DEVELOPMENT_TEAM = J349HN2J4J;
				INFOPLIST_FILE = "My Blog Posts/Application/Info.plist";
				IPHONEOS_DEPLOYMENT_TARGET = 12.0;
				LD_RUNPATH_SEARCH_PATHS = (
					"$(inherited)",
					"@executable_path/Frameworks",
				);
				PRODUCT_BUNDLE_IDENTIFIER = "com.viktorgordienko.My-Blog-Posts";
				PRODUCT_NAME = "$(TARGET_NAME)";
				TARGETED_DEVICE_FAMILY = 1;
			};
			name = Debug;
		};
		053DCD9B24AF6E4B00E82C0D /* Release */ = {
			isa = XCBuildConfiguration;
			buildSettings = {
				ASSETCATALOG_COMPILER_APPICON_NAME = AppIcon;
				CODE_SIGN_STYLE = Automatic;
				DEVELOPMENT_TEAM = J349HN2J4J;
				INFOPLIST_FILE = "My Blog Posts/Application/Info.plist";
				IPHONEOS_DEPLOYMENT_TARGET = 12.0;
				LD_RUNPATH_SEARCH_PATHS = (
					"$(inherited)",
					"@executable_path/Frameworks",
				);
				PRODUCT_BUNDLE_IDENTIFIER = "com.viktorgordienko.My-Blog-Posts";
				PRODUCT_NAME = "$(TARGET_NAME)";
				TARGETED_DEVICE_FAMILY = 1;
			};
			name = Release;
		};
/* End XCBuildConfiguration section */

/* Begin XCConfigurationList section */
		053DCD7B24AF6E4700E82C0D /* Build configuration list for PBXProject "My Blog Posts" */ = {
			isa = XCConfigurationList;
			buildConfigurations = (
				053DCD9724AF6E4B00E82C0D /* Debug */,
				053DCD9824AF6E4B00E82C0D /* Release */,
			);
			defaultConfigurationIsVisible = 0;
			defaultConfigurationName = Release;
		};
		053DCD9924AF6E4B00E82C0D /* Build configuration list for PBXNativeTarget "My Blog Posts" */ = {
			isa = XCConfigurationList;
			buildConfigurations = (
				053DCD9A24AF6E4B00E82C0D /* Debug */,
				053DCD9B24AF6E4B00E82C0D /* Release */,
			);
			defaultConfigurationIsVisible = 0;
			defaultConfigurationName = Release;
		};
/* End XCConfigurationList section */
	};
	rootObject = 053DCD7824AF6E4700E82C0D /* Project object */;
}
